version = 1
requires-python = ">=3.12"
resolution-markers = [
    "python_full_version < '3.13'",
    "python_full_version >= '3.13'",
]

[[package]]
name = "annotated-types"
version = "0.7.0"
source = { registry = "https://pypi.org/simple" }
sdist = { url = "https://files.pythonhosted.org/packages/ee/67/531ea369ba64dcff5ec9c3402f9f51bf748cec26dde048a2f973a4eea7f5/annotated_types-0.7.0.tar.gz", hash = "sha256:aff07c09a53a08bc8cfccb9c85b05f1aa9a2a6f23728d790723543408344ce89", size = 16081 }
wheels = [
    { url = "https://files.pythonhosted.org/packages/78/b6/6307fbef88d9b5ee7421e68d78a9f162e0da4900bc5f5793f6d3d0e34fb8/annotated_types-0.7.0-py3-none-any.whl", hash = "sha256:1f02e8b43a8fbbc3f3e0d4f0f4bfc8131bcb4eebe8849b8e5c773f3a1c582a53", size = 13643 },
]

[[package]]
name = "example"
version = "0.1.0"
source = { virtual = "." }
dependencies = [
    { name = "pydantic" },
]

[package.metadata]
requires-dist = [{ name = "pydantic", specifier = "==2.8" }]

[[package]]
name = "pydantic"
version = "2.8.0"
source = { registry = "https://pypi.org/simple" }
dependencies = [
    { name = "annotated-types" },
    { name = "pydantic-core" },
    { name = "typing-extensions" },
]
sdist = { url = "https://files.pythonhosted.org/packages/8b/7b/23dc30fba5793d7be3307f33bebb36e08f78f8af9c03fce608833f01bebd/pydantic-2.8.0.tar.gz", hash = "sha256:d970ffb9d030b710795878940bd0489842c638e7252fc4a19c3ae2f7da4d6141", size = 738772 }
wheels = [
    { url = "https://files.pythonhosted.org/packages/d3/07/bbfddb7b532b727a5769a8468a67ab388e74c029d4940e5de6b25231aba2/pydantic-2.8.0-py3-none-any.whl", hash = "sha256:ead4f3a1e92386a734ca1411cb25d94147cf8778ed5be6b56749047676d6364e", size = 423079 },
]

[[package]]
name = "pydantic-core"
version = "2.20.0"
source = { registry = "https://pypi.org/simple" }
dependencies = [
    { name = "typing-extensions" },
]
sdist = { url = "https://files.pythonhosted.org/packages/7d/fa/9802d053f33dbcf110d46e3f28667b06cd764b164f1e3f4189848cdd6e78/pydantic_core-2.20.0.tar.gz", hash = "sha256:366be8e64e0cb63d87cf79b4e1765c0703dd6313c729b22e7b9e378db6b96877", size = 388463 }
wheels = [
    { url = "https://files.pythonhosted.org/packages/c3/d7/b748dc1e92f019d0bf49dd62762425a1d4c713250b5dfac82616648a0e8c/pydantic_core-2.20.0-cp312-cp312-macosx_10_12_x86_64.whl", hash = "sha256:d6f8c49657f3eb7720ed4c9b26624063da14937fc94d1812f1e04a2204db3e17", size = 1839193 },
    { url = "https://files.pythonhosted.org/packages/df/20/e1a1a03a9c116bd63d68dabd51250e76e45e3a849456b32dd8fb5148c817/pydantic_core-2.20.0-cp312-cp312-macosx_11_0_arm64.whl", hash = "sha256:ad1bd2f377f56fec11d5cfd0977c30061cd19f4fa199bf138b200ec0d5e27eeb", size = 1767120 },
    { url = "https://files.pythonhosted.org/packages/51/05/b903f4fd7f34d8548534b1e21f972664f9a5d03b884781b86d3f422997ca/pydantic_core-2.20.0-cp312-cp312-manylinux_2_17_aarch64.manylinux2014_aarch64.whl", hash = "sha256:ed741183719a5271f97d93bbcc45ed64619fa38068aaa6e90027d1d17e30dc8d", size = 1789229 },
    { url = "https://files.pythonhosted.org/packages/dc/d0/0686c898da81a339701fca5669bd8496c5923755d84dacb65c4d71dd2ab0/pydantic_core-2.20.0-cp312-cp312-manylinux_2_17_armv7l.manylinux2014_armv7l.whl", hash = "sha256:d82e5ed3a05f2dcb89c6ead2fd0dbff7ac09bc02c1b4028ece2d3a3854d049ce", size = 1773878 },
    { url = "https://files.pythonhosted.org/packages/be/c3/3510274ee06bc18c7c43923be40a0fcd7510daf6df5fab41a70463302130/pydantic_core-2.20.0-cp312-cp312-manylinux_2_17_ppc64le.manylinux2014_ppc64le.whl", hash = "sha256:b2ba34a099576234671f2e4274e5bc6813b22e28778c216d680eabd0db3f7dad", size = 1975737 },
    { url = "https://files.pythonhosted.org/packages/7c/23/f8a75d2f766f9fbe4a080c1ca2e00e2eb61f237b9d930976d0aba95cd691/pydantic_core-2.20.0-cp312-cp312-manylinux_2_17_s390x.manylinux2014_s390x.whl", hash = "sha256:879ae6bb08a063b3e1b7ac8c860096d8fd6b48dd9b2690b7f2738b8c835e744b", size = 2592099 },
    { url = "https://files.pythonhosted.org/packages/99/6a/8c9e41bd2848e6f2a970f93f4cf0f2f62ce5248ab2b23b85dd7247069f1a/pydantic_core-2.20.0-cp312-cp312-manylinux_2_17_x86_64.manylinux2014_x86_64.whl", hash = "sha256:0b0eefc7633a04c0694340aad91fbfd1986fe1a1e0c63a22793ba40a18fcbdc8", size = 2100808 },
    { url = "https://files.pythonhosted.org/packages/34/a9/33f27da3de0dfff881beca6c2e19b05f928f24ff3346c1ff6faae85f6cf4/pydantic_core-2.20.0-cp312-cp312-manylinux_2_5_i686.manylinux1_i686.whl", hash = "sha256:73deadd6fd8a23e2f40b412b3ac617a112143c8989a4fe265050fd91ba5c0608", size = 1900858 },
    { url = "https://files.pythonhosted.org/packages/0c/00/fde56cd48a4ebb9d7dfe9e38aa14737be7349dd8d30de162955182e38e16/pydantic_core-2.20.0-cp312-cp312-musllinux_1_1_aarch64.whl", hash = "sha256:35681445dc85446fb105943d81ae7569aa7e89de80d1ca4ac3229e05c311bdb1", size = 1966902 },
    { url = "https://files.pythonhosted.org/packages/de/dc/bc741bf0a400f983cab9e5d4feac936040c0fc7665a65da5bc6c8db275a2/pydantic_core-2.20.0-cp312-cp312-musllinux_1_1_x86_64.whl", hash = "sha256:0f6dd3612a3b9f91f2e63924ea18a4476656c6d01843ca20a4c09e00422195af", size = 2119825 },
    { url = "https://files.pythonhosted.org/packages/a8/51/0d66a7a600f0e33eaeafb65ce5693a90130d00072eaecb184881dd5bd37a/pydantic_core-2.20.0-cp312-none-win32.whl", hash = "sha256:7e37b6bb6e90c2b8412b06373c6978d9d81e7199a40e24a6ef480e8acdeaf918", size = 1717259 },
    { url = "https://files.pythonhosted.org/packages/4a/d4/ec35826073e92b0b37c2df2075b0aa7abecc2d8217480a90e864f7f3e39f/pydantic_core-2.20.0-cp312-none-win_amd64.whl", hash = "sha256:7d4df13d1c55e84351fab51383520b84f490740a9f1fec905362aa64590b7a5d", size = 1898028 },
    { url = "https://files.pythonhosted.org/packages/82/0d/25e4087d8380fa696cbde556fa2694947038872d50cb01f86909d59fc4b4/pydantic_core-2.20.0-cp313-cp313-macosx_10_12_x86_64.whl", hash = "sha256:d43e7ab3b65e4dc35a7612cfff7b0fd62dce5bc11a7cd198310b57f39847fd6c", size = 1838761 },
    { url = "https://files.pythonhosted.org/packages/cb/ac/42aa7ee25d816c9fed9fe1bf4ee11472ba8057814262c8f713fa010ed4d7/pydantic_core-2.20.0-cp313-cp313-manylinux_2_17_aarch64.manylinux2014_aarch64.whl", hash = "sha256:7b6a24d7b5893392f2b8e3b7a0031ae3b14c6c1942a4615f0d8794fdeeefb08b", size = 1789150 },
    { url = "https://files.pythonhosted.org/packages/0b/3e/d93ae7810b35d44d8777768b561001eff279040580aebf71ce9c8e9a613f/pydantic_core-2.20.0-cp313-cp313-manylinux_2_17_armv7l.manylinux2014_armv7l.whl", hash = "sha256:b2f13c3e955a087c3ec86f97661d9f72a76e221281b2262956af381224cfc243", size = 1773533 },
    { url = "https://files.pythonhosted.org/packages/f5/fd/a07dc6fcdf9e0b2f5e4c016dd74a188fc19311aceac89cee1fd2471e3b06/pydantic_core-2.20.0-cp313-cp313-manylinux_2_17_ppc64le.manylinux2014_ppc64le.whl", hash = "sha256:72432fd6e868c8d0a6849869e004b8bcae233a3c56383954c228316694920b38", size = 1975497 },
    { url = "https://files.pythonhosted.org/packages/b8/d1/9148ea8c18212a297c6b256e0197268523f30e02057474157784c9f5835e/pydantic_core-2.20.0-cp313-cp313-manylinux_2_17_s390x.manylinux2014_s390x.whl", hash = "sha256:d70a8ff2d4953afb4cbe6211f17268ad29c0b47e73d3372f40e7775904bc28fc", size = 2591911 },
    { url = "https://files.pythonhosted.org/packages/2a/fb/379309fab9af69d30c523978a971f8050d96bd3e36fb317b2c57bfd65548/pydantic_core-2.20.0-cp313-cp313-manylinux_2_17_x86_64.manylinux2014_x86_64.whl", hash = "sha256:8e49524917b8d3c2f42cd0d2df61178e08e50f5f029f9af1f402b3ee64574392", size = 2100735 },
    { url = "https://files.pythonhosted.org/packages/6f/23/f100db088bb343a4a9e8d3085cb84d349bcf6004b101eebb5c8812226e23/pydantic_core-2.20.0-cp313-cp313-manylinux_2_5_i686.manylinux1_i686.whl", hash = "sha256:a4f0f71653b1c1bad0350bc0b4cc057ab87b438ff18fa6392533811ebd01439c", size = 1900739 },
    { url = "https://files.pythonhosted.org/packages/10/4e/a4808cc751651329b7f0372454bbe486e79e7189b974748fba361abadecc/pydantic_core-2.20.0-cp313-cp313-musllinux_1_1_aarch64.whl", hash = "sha256:16197e6f4fdecb9892ed2436e507e44f0a1aa2cff3b9306d1c879ea2f9200997", size = 1966597 },
    { url = "https://files.pythonhosted.org/packages/10/a8/1ce3a2af38c87890ad27d97f405cadab56aecdbf7e8e88dc39f45eeb63ab/pydantic_core-2.20.0-cp313-cp313-musllinux_1_1_x86_64.whl", hash = "sha256:763602504bf640b3ded3bba3f8ed8a1cc2fc6a87b8d55c1c5689f428c49c947e", size = 2119457 },
    { url = "https://files.pythonhosted.org/packages/60/8c/1da883ec849c75256210db8370906a151898e5dce5be85ced7881e980a44/pydantic_core-2.20.0-cp313-none-win32.whl", hash = "sha256:a3f243f318bd9523277fa123b3163f4c005a3e8619d4b867064de02f287a564d", size = 1717499 },
    { url = "https://files.pythonhosted.org/packages/59/04/475e9c2013aeb8d130d40818466b1f8eee017d2e3a5ecc3324211fe69c8f/pydantic_core-2.20.0-cp313-none-win_amd64.whl", hash = "sha256:03aceaf6a5adaad3bec2233edc5a7905026553916615888e53154807e404545c", size = 1923306 },
]

[[package]]
name = "typing-extensions"
version = "4.12.2"
source = { registry = "https://pypi.org/simple" }
sdist = { url = "https://files.pythonhosted.org/packages/df/db/f35a00659bc03fec321ba8bce9420de607a1d37f8342eee1863174c69557/typing_extensions-4.12.2.tar.gz", hash = "sha256:1a7ead55c7e559dd4dee8856e3a88b41225abfe1ce8df57b7c13915fe121ffb8", size = 85321 }
wheels = [
    { url = "https://files.pythonhosted.org/packages/26/9f/ad63fc0248c5379346306f8668cda6e2e2e9c95e01216d2b8ffd9ff037d0/typing_extensions-4.12.2-py3-none-any.whl", hash = "sha256:04e5ca0351e0f3f85c6853954072df659d0d13fac324d0072316b67d7794700d", size = 37438 },
]
